{
  "name": "Ej29-09Vi",
  "lockfileVersion": 3,
  "requires": true,
  "packages": {
    "": {
      "dependencies": {
        "@types/jquery": "^3.5.20",
        "express-myconnection": "^1.0.4"
      }
    },
    "node_modules/@types/jquery": {
      "version": "3.5.20",
      "resolved": "https://registry.npmjs.org/@types/jquery/-/jquery-3.5.20.tgz",
      "integrity": "sha512-UI+EGhgYD4LdSZ8gaiziFqXYIIB38VQSDsnAs8jL/div7FGrzrShx4HKCykVzk3tPfiIlusdNP9Wi3G60LCF2Q==",
      "dependencies": {
        "@types/sizzle": "*"
      }
    },
    "node_modules/@types/sizzle": {
      "version": "2.3.4",
      "resolved": "https://registry.npmjs.org/@types/sizzle/-/sizzle-2.3.4.tgz",
      "integrity": "sha512-jA2llq2zNkg8HrALI7DtWzhALcVH0l7i89yhY3iBdOz6cBPeACoFq+fkQrjHA39t1hnSFOboZ7A/AY5MMZSlag=="
    },
    "node_modules/express-myconnection": {
      "version": "1.0.4",
      "resolved": "https://registry.npmjs.org/express-myconnection/-/express-myconnection-1.0.4.tgz",
      "integrity": "sha512-BBrF8z9bhuLt7KkFhDE3SOxKC7GLR6Fi5gBHyVSXtmsWZLXufJRxx3OGMEdv0TR2g2ouaado3UGAsRiHfqWklQ=="
    }
  }
}
